// !$*UTF8*$!
{
	archiveVersion = 1;
	classes = {
	};
	objectVersion = 63;
	objects = {

/* Begin PBXBuildFile section */
		1B0661622CCEF19E002F388E /* UserLoginApiCallTest.swift in Sources */ = {isa = PBXBuildFile; fileRef = 1B0661612CCEF19E002F388E /* UserLoginApiCallTest.swift */; };
		1B0661662CCF93A2002F388E /* HomeApiCallTest.swift in Sources */ = {isa = PBXBuildFile; fileRef = 1B0661652CCF93A2002F388E /* HomeApiCallTest.swift */; };
		1B0B579C2CCEC33800A5C802 /* JobDetailViewController.swift in Sources */ = {isa = PBXBuildFile; fileRef = 1B0B579B2CCEC33800A5C802 /* JobDetailViewController.swift */; };
		1B0B579F2CCED07600A5C802 /* MyProfileViewController.swift in Sources */ = {isa = PBXBuildFile; fileRef = 1B0B579E2CCED07600A5C802 /* MyProfileViewController.swift */; };
		1BCB404E2CCCFA4A00CCE4AF /* AppDelegate.swift in Sources */ = {isa = PBXBuildFile; fileRef = 1BCB401F2CCCFA4A00CCE4AF /* AppDelegate.swift */; };
		1BCB40502CCCFA4A00CCE4AF /* AppStyle.swift in Sources */ = {isa = PBXBuildFile; fileRef = 1BCB40372CCCFA4A00CCE4AF /* AppStyle.swift */; };
		1BCB40512CCCFA4A00CCE4AF /* BaseButton.swift in Sources */ = {isa = PBXBuildFile; fileRef = 1BCB40392CCCFA4A00CCE4AF /* BaseButton.swift */; };
		1BCB40522CCCFA4A00CCE4AF /* KeychainManager.swift in Sources */ = {isa = PBXBuildFile; fileRef = 1BCB403B2CCCFA4A00CCE4AF /* KeychainManager.swift */; };
		1BCB40532CCCFA4A00CCE4AF /* AppLayoutHelper.swift in Sources */ = {isa = PBXBuildFile; fileRef = 1BCB403D2CCCFA4A00CCE4AF /* AppLayoutHelper.swift */; };
		1BCB40542CCCFA4A00CCE4AF /* UIColor.swift in Sources */ = {isa = PBXBuildFile; fileRef = 1BCB403F2CCCFA4A00CCE4AF /* UIColor.swift */; };
		1BCB40552CCCFA4A00CCE4AF /* UILabel.swift in Sources */ = {isa = PBXBuildFile; fileRef = 1BCB40412CCCFA4A00CCE4AF /* UILabel.swift */; };
		1BCB40562CCCFA4A00CCE4AF /* LoginTextField.swift in Sources */ = {isa = PBXBuildFile; fileRef = 1BCB40432CCCFA4A00CCE4AF /* LoginTextField.swift */; };
		1BCB40572CCCFA4A00CCE4AF /* LoginViewController.swift in Sources */ = {isa = PBXBuildFile; fileRef = 1BCB40462CCCFA4A00CCE4AF /* LoginViewController.swift */; };
		1BCB40582CCCFA4A00CCE4AF /* SplashViewController.swift in Sources */ = {isa = PBXBuildFile; fileRef = 1BCB40482CCCFA4A00CCE4AF /* SplashViewController.swift */; };
		1BCB40592CCCFA4A00CCE4AF /* Roboto-Black.ttf in Resources */ = {isa = PBXBuildFile; fileRef = 1BCB40222CCCFA4A00CCE4AF /* Roboto-Black.ttf */; };
		1BCB405A2CCCFA4A00CCE4AF /* Roboto-BlackItalic.ttf in Resources */ = {isa = PBXBuildFile; fileRef = 1BCB40232CCCFA4A00CCE4AF /* Roboto-BlackItalic.ttf */; };
		1BCB405B2CCCFA4A00CCE4AF /* Roboto-Bold.ttf in Resources */ = {isa = PBXBuildFile; fileRef = 1BCB40242CCCFA4A00CCE4AF /* Roboto-Bold.ttf */; };
		1BCB405C2CCCFA4A00CCE4AF /* Roboto-BoldItalic.ttf in Resources */ = {isa = PBXBuildFile; fileRef = 1BCB40252CCCFA4A00CCE4AF /* Roboto-BoldItalic.ttf */; };
		1BCB405D2CCCFA4A00CCE4AF /* Roboto-Italic.ttf in Resources */ = {isa = PBXBuildFile; fileRef = 1BCB40262CCCFA4A00CCE4AF /* Roboto-Italic.ttf */; };
		1BCB405E2CCCFA4A00CCE4AF /* Roboto-Light.ttf in Resources */ = {isa = PBXBuildFile; fileRef = 1BCB40272CCCFA4A00CCE4AF /* Roboto-Light.ttf */; };
		1BCB405F2CCCFA4A00CCE4AF /* Roboto-LightItalic.ttf in Resources */ = {isa = PBXBuildFile; fileRef = 1BCB40282CCCFA4A00CCE4AF /* Roboto-LightItalic.ttf */; };
		1BCB40602CCCFA4A00CCE4AF /* Roboto-Medium.ttf in Resources */ = {isa = PBXBuildFile; fileRef = 1BCB40292CCCFA4A00CCE4AF /* Roboto-Medium.ttf */; };
		1BCB40612CCCFA4A00CCE4AF /* Roboto-MediumItalic.ttf in Resources */ = {isa = PBXBuildFile; fileRef = 1BCB402A2CCCFA4A00CCE4AF /* Roboto-MediumItalic.ttf */; };
		1BCB40622CCCFA4A00CCE4AF /* Roboto-Regular.ttf in Resources */ = {isa = PBXBuildFile; fileRef = 1BCB402B2CCCFA4A00CCE4AF /* Roboto-Regular.ttf */; };
		1BCB40632CCCFA4A00CCE4AF /* Roboto-Thin.ttf in Resources */ = {isa = PBXBuildFile; fileRef = 1BCB402C2CCCFA4A00CCE4AF /* Roboto-Thin.ttf */; };
		1BCB40642CCCFA4A00CCE4AF /* Assets.xcassets in Resources */ = {isa = PBXBuildFile; fileRef = 1BCB402F2CCCFA4A00CCE4AF /* Assets.xcassets */; };
		1BCB40652CCCFA4A00CCE4AF /* LaunchScreen.storyboard in Resources */ = {isa = PBXBuildFile; fileRef = 1BCB40332CCCFA4A00CCE4AF /* LaunchScreen.storyboard */; };
		1BCB40662CCCFA4A00CCE4AF /* Main.storyboard in Resources */ = {isa = PBXBuildFile; fileRef = 1BCB40352CCCFA4A00CCE4AF /* Main.storyboard */; };
		1BCB40692CCD008900CCE4AF /* BaseClass.swift in Sources */ = {isa = PBXBuildFile; fileRef = 1BCB40682CCD008900CCE4AF /* BaseClass.swift */; };
		1BCB406C2CCD0FA100CCE4AF /* GlobalConstants.swift in Sources */ = {isa = PBXBuildFile; fileRef = 1BCB406B2CCD0F9D00CCE4AF /* GlobalConstants.swift */; };
		1BCB406F2CCD130D00CCE4AF /* LoginViewModel.swift in Sources */ = {isa = PBXBuildFile; fileRef = 1BCB406E2CCD130900CCE4AF /* LoginViewModel.swift */; };
		1BCB40732CCD4A6700CCE4AF /* Toast.swift in Sources */ = {isa = PBXBuildFile; fileRef = 1BCB40712CCD4A6700CCE4AF /* Toast.swift */; };
		1BCB40812CCE338000CCE4AF /* Apollo in Frameworks */ = {isa = PBXBuildFile; productRef = 1BCB40802CCE338000CCE4AF /* Apollo */; };
		1BCB40832CCE338900CCE4AF /* IQKeyboardManagerSwift in Frameworks */ = {isa = PBXBuildFile; productRef = 1BCB40822CCE338900CCE4AF /* IQKeyboardManagerSwift */; };
		1BCB408B2CCE408E00CCE4AF /* NetworkClient.swift in Sources */ = {isa = PBXBuildFile; fileRef = 1BCB408A2CCE407500CCE4AF /* NetworkClient.swift */; };
		1BCB409E2CCE651300CCE4AF /* schema.graphqls in Resources */ = {isa = PBXBuildFile; fileRef = 1BCB409C2CCE651300CCE4AF /* schema.graphqls */; };
		1BCB40AB2CCE671D00CCE4AF /* BaseAPI in Frameworks */ = {isa = PBXBuildFile; productRef = 1BCB40AA2CCE671D00CCE4AF /* BaseAPI */; };
		1BCB40AE2CCE6C6D00CCE4AF /* UserLoginApiCall.swift in Sources */ = {isa = PBXBuildFile; fileRef = 1BCB40AD2CCE6C6000CCE4AF /* UserLoginApiCall.swift */; };
		1BCB40B02CCE6EBD00CCE4AF /* LoginModel.swift in Sources */ = {isa = PBXBuildFile; fileRef = 1BCB40AF2CCE6EB600CCE4AF /* LoginModel.swift */; };
		1BCB40B32CCE809400CCE4AF /* HomeViewController.swift in Sources */ = {isa = PBXBuildFile; fileRef = 1BCB40B22CCE809400CCE4AF /* HomeViewController.swift */; };
		1BCB40B62CCE865F00CCE4AF /* HomeViewModel.swift in Sources */ = {isa = PBXBuildFile; fileRef = 1BCB40B52CCE865800CCE4AF /* HomeViewModel.swift */; };
		1BCB40B82CCE8D8800CCE4AF /* JobPostModel.swift in Sources */ = {isa = PBXBuildFile; fileRef = 1BCB40B72CCE8D8100CCE4AF /* JobPostModel.swift */; };
		1BCB40BA2CCE8F5700CCE4AF /* HomeApiCall.swift in Sources */ = {isa = PBXBuildFile; fileRef = 1BCB40B92CCE8F5200CCE4AF /* HomeApiCall.swift */; };
		1BCB40BE2CCEAA4100CCE4AF /* JobPostTableViewCell.xib in Resources */ = {isa = PBXBuildFile; fileRef = 1BCB40BD2CCEAA4100CCE4AF /* JobPostTableViewCell.xib */; };
		1BCB40BF2CCEAA4100CCE4AF /* JobPostTableViewCell.swift in Sources */ = {isa = PBXBuildFile; fileRef = 1BCB40BC2CCEAA4100CCE4AF /* JobPostTableViewCell.swift */; };
/* End PBXBuildFile section */

/* Begin PBXContainerItemProxy section */
		1BCB3FC02CCBA8A300CCE4AF /* PBXContainerItemProxy */ = {
			isa = PBXContainerItemProxy;
			containerPortal = 1BCB3FA12CCBA8A100CCE4AF /* Project object */;
			proxyType = 1;
			remoteGlobalIDString = 1BCB3FA82CCBA8A100CCE4AF;
			remoteInfo = SeekAsiaAssesment;
		};
		1BCB3FCA2CCBA8A300CCE4AF /* PBXContainerItemProxy */ = {
			isa = PBXContainerItemProxy;
			containerPortal = 1BCB3FA12CCBA8A100CCE4AF /* Project object */;
			proxyType = 1;
			remoteGlobalIDString = 1BCB3FA82CCBA8A100CCE4AF;
			remoteInfo = SeekAsiaAssesment;
		};
/* End PBXContainerItemProxy section */

/* Begin PBXFileReference section */
		1B0661602CCEF19E002F388E /* SeekAsiaAssesmentTests-Bridging-Header.h */ = {isa = PBXFileReference; lastKnownFileType = sourcecode.c.h; path = "SeekAsiaAssesmentTests-Bridging-Header.h"; sourceTree = "<group>"; };
		1B0661612CCEF19E002F388E /* UserLoginApiCallTest.swift */ = {isa = PBXFileReference; lastKnownFileType = sourcecode.swift; path = UserLoginApiCallTest.swift; sourceTree = "<group>"; };
		1B0661652CCF93A2002F388E /* HomeApiCallTest.swift */ = {isa = PBXFileReference; lastKnownFileType = sourcecode.swift; path = HomeApiCallTest.swift; sourceTree = "<group>"; };
		1B0B579B2CCEC33800A5C802 /* JobDetailViewController.swift */ = {isa = PBXFileReference; lastKnownFileType = sourcecode.swift; path = JobDetailViewController.swift; sourceTree = "<group>"; };
		1B0B579E2CCED07600A5C802 /* MyProfileViewController.swift */ = {isa = PBXFileReference; lastKnownFileType = sourcecode.swift; path = MyProfileViewController.swift; sourceTree = "<group>"; };
		1BCB3FA92CCBA8A100CCE4AF /* SeekAsiaAssesment.app */ = {isa = PBXFileReference; explicitFileType = wrapper.application; includeInIndex = 0; path = SeekAsiaAssesment.app; sourceTree = BUILT_PRODUCTS_DIR; };
		1BCB3FBF2CCBA8A300CCE4AF /* SeekAsiaAssesmentTests.xctest */ = {isa = PBXFileReference; explicitFileType = wrapper.cfbundle; includeInIndex = 0; path = SeekAsiaAssesmentTests.xctest; sourceTree = BUILT_PRODUCTS_DIR; };
		1BCB3FC92CCBA8A300CCE4AF /* SeekAsiaAssesmentUITests.xctest */ = {isa = PBXFileReference; explicitFileType = wrapper.cfbundle; includeInIndex = 0; path = SeekAsiaAssesmentUITests.xctest; sourceTree = BUILT_PRODUCTS_DIR; };
		1BCB401F2CCCFA4A00CCE4AF /* AppDelegate.swift */ = {isa = PBXFileReference; lastKnownFileType = sourcecode.swift; path = AppDelegate.swift; sourceTree = "<group>"; };
		1BCB40222CCCFA4A00CCE4AF /* Roboto-Black.ttf */ = {isa = PBXFileReference; lastKnownFileType = file; path = "Roboto-Black.ttf"; sourceTree = "<group>"; };
		1BCB40232CCCFA4A00CCE4AF /* Roboto-BlackItalic.ttf */ = {isa = PBXFileReference; lastKnownFileType = file; path = "Roboto-BlackItalic.ttf"; sourceTree = "<group>"; };
		1BCB40242CCCFA4A00CCE4AF /* Roboto-Bold.ttf */ = {isa = PBXFileReference; lastKnownFileType = file; path = "Roboto-Bold.ttf"; sourceTree = "<group>"; };
		1BCB40252CCCFA4A00CCE4AF /* Roboto-BoldItalic.ttf */ = {isa = PBXFileReference; lastKnownFileType = file; path = "Roboto-BoldItalic.ttf"; sourceTree = "<group>"; };
		1BCB40262CCCFA4A00CCE4AF /* Roboto-Italic.ttf */ = {isa = PBXFileReference; lastKnownFileType = file; path = "Roboto-Italic.ttf"; sourceTree = "<group>"; };
		1BCB40272CCCFA4A00CCE4AF /* Roboto-Light.ttf */ = {isa = PBXFileReference; lastKnownFileType = file; path = "Roboto-Light.ttf"; sourceTree = "<group>"; };
		1BCB40282CCCFA4A00CCE4AF /* Roboto-LightItalic.ttf */ = {isa = PBXFileReference; lastKnownFileType = file; path = "Roboto-LightItalic.ttf"; sourceTree = "<group>"; };
		1BCB40292CCCFA4A00CCE4AF /* Roboto-Medium.ttf */ = {isa = PBXFileReference; lastKnownFileType = file; path = "Roboto-Medium.ttf"; sourceTree = "<group>"; };
		1BCB402A2CCCFA4A00CCE4AF /* Roboto-MediumItalic.ttf */ = {isa = PBXFileReference; lastKnownFileType = file; path = "Roboto-MediumItalic.ttf"; sourceTree = "<group>"; };
		1BCB402B2CCCFA4A00CCE4AF /* Roboto-Regular.ttf */ = {isa = PBXFileReference; lastKnownFileType = file; path = "Roboto-Regular.ttf"; sourceTree = "<group>"; };
		1BCB402C2CCCFA4A00CCE4AF /* Roboto-Thin.ttf */ = {isa = PBXFileReference; lastKnownFileType = file; path = "Roboto-Thin.ttf"; sourceTree = "<group>"; };
		1BCB402F2CCCFA4A00CCE4AF /* Assets.xcassets */ = {isa = PBXFileReference; lastKnownFileType = folder.assetcatalog; path = Assets.xcassets; sourceTree = "<group>"; };
		1BCB40322CCCFA4A00CCE4AF /* Base */ = {isa = PBXFileReference; lastKnownFileType = file.storyboard; name = Base; path = Base.lproj/LaunchScreen.storyboard; sourceTree = "<group>"; };
		1BCB40342CCCFA4A00CCE4AF /* Base */ = {isa = PBXFileReference; lastKnownFileType = file.storyboard; name = Base; path = Base.lproj/Main.storyboard; sourceTree = "<group>"; };
		1BCB40372CCCFA4A00CCE4AF /* AppStyle.swift */ = {isa = PBXFileReference; lastKnownFileType = sourcecode.swift; path = AppStyle.swift; sourceTree = "<group>"; };
		1BCB40392CCCFA4A00CCE4AF /* BaseButton.swift */ = {isa = PBXFileReference; lastKnownFileType = sourcecode.swift; path = BaseButton.swift; sourceTree = "<group>"; };
		1BCB403B2CCCFA4A00CCE4AF /* KeychainManager.swift */ = {isa = PBXFileReference; lastKnownFileType = sourcecode.swift; path = KeychainManager.swift; sourceTree = "<group>"; };
		1BCB403D2CCCFA4A00CCE4AF /* AppLayoutHelper.swift */ = {isa = PBXFileReference; lastKnownFileType = sourcecode.swift; path = AppLayoutHelper.swift; sourceTree = "<group>"; };
		1BCB403F2CCCFA4A00CCE4AF /* UIColor.swift */ = {isa = PBXFileReference; lastKnownFileType = sourcecode.swift; path = UIColor.swift; sourceTree = "<group>"; };
		1BCB40412CCCFA4A00CCE4AF /* UILabel.swift */ = {isa = PBXFileReference; lastKnownFileType = sourcecode.swift; path = UILabel.swift; sourceTree = "<group>"; };
		1BCB40432CCCFA4A00CCE4AF /* LoginTextField.swift */ = {isa = PBXFileReference; lastKnownFileType = sourcecode.swift; path = LoginTextField.swift; sourceTree = "<group>"; };
		1BCB40462CCCFA4A00CCE4AF /* LoginViewController.swift */ = {isa = PBXFileReference; lastKnownFileType = sourcecode.swift; path = LoginViewController.swift; sourceTree = "<group>"; };
		1BCB40482CCCFA4A00CCE4AF /* SplashViewController.swift */ = {isa = PBXFileReference; lastKnownFileType = sourcecode.swift; path = SplashViewController.swift; sourceTree = "<group>"; };
		1BCB404C2CCCFA4A00CCE4AF /* Info.plist */ = {isa = PBXFileReference; lastKnownFileType = text.plist.xml; path = Info.plist; sourceTree = "<group>"; };
		1BCB40682CCD008900CCE4AF /* BaseClass.swift */ = {isa = PBXFileReference; lastKnownFileType = sourcecode.swift; path = BaseClass.swift; sourceTree = "<group>"; };
		1BCB406B2CCD0F9D00CCE4AF /* GlobalConstants.swift */ = {isa = PBXFileReference; lastKnownFileType = sourcecode.swift; path = GlobalConstants.swift; sourceTree = "<group>"; };
		1BCB406E2CCD130900CCE4AF /* LoginViewModel.swift */ = {isa = PBXFileReference; lastKnownFileType = sourcecode.swift; path = LoginViewModel.swift; sourceTree = "<group>"; };
		1BCB40712CCD4A6700CCE4AF /* Toast.swift */ = {isa = PBXFileReference; lastKnownFileType = sourcecode.swift; path = Toast.swift; sourceTree = "<group>"; };
		1BCB408A2CCE407500CCE4AF /* NetworkClient.swift */ = {isa = PBXFileReference; lastKnownFileType = sourcecode.swift; path = NetworkClient.swift; sourceTree = "<group>"; };
		1BCB409C2CCE651300CCE4AF /* schema.graphqls */ = {isa = PBXFileReference; lastKnownFileType = text; path = schema.graphqls; sourceTree = "<group>"; };
		1BCB409F2CCE653D00CCE4AF /* Auth.graphql */ = {isa = PBXFileReference; lastKnownFileType = text; path = Auth.graphql; sourceTree = "<group>"; };
		1BCB40A12CCE65DE00CCE4AF /* GetJobs.graphql */ = {isa = PBXFileReference; lastKnownFileType = text; path = GetJobs.graphql; sourceTree = "<group>"; };
		1BCB40A52CCE662A00CCE4AF /* GetJob.graphql */ = {isa = PBXFileReference; lastKnownFileType = text; path = GetJob.graphql; sourceTree = "<group>"; };
		1BCB40A72CCE663C00CCE4AF /* Apply.graphql */ = {isa = PBXFileReference; lastKnownFileType = text; path = Apply.graphql; sourceTree = "<group>"; };
		1BCB40AD2CCE6C6000CCE4AF /* UserLoginApiCall.swift */ = {isa = PBXFileReference; lastKnownFileType = sourcecode.swift; path = UserLoginApiCall.swift; sourceTree = "<group>"; };
		1BCB40AF2CCE6EB600CCE4AF /* LoginModel.swift */ = {isa = PBXFileReference; lastKnownFileType = sourcecode.swift; path = LoginModel.swift; sourceTree = "<group>"; };
		1BCB40B22CCE809400CCE4AF /* HomeViewController.swift */ = {isa = PBXFileReference; lastKnownFileType = sourcecode.swift; path = HomeViewController.swift; sourceTree = "<group>"; };
		1BCB40B52CCE865800CCE4AF /* HomeViewModel.swift */ = {isa = PBXFileReference; lastKnownFileType = sourcecode.swift; path = HomeViewModel.swift; sourceTree = "<group>"; };
		1BCB40B72CCE8D8100CCE4AF /* JobPostModel.swift */ = {isa = PBXFileReference; lastKnownFileType = sourcecode.swift; path = JobPostModel.swift; sourceTree = "<group>"; };
		1BCB40B92CCE8F5200CCE4AF /* HomeApiCall.swift */ = {isa = PBXFileReference; lastKnownFileType = sourcecode.swift; path = HomeApiCall.swift; sourceTree = "<group>"; };
		1BCB40BC2CCEAA4100CCE4AF /* JobPostTableViewCell.swift */ = {isa = PBXFileReference; lastKnownFileType = sourcecode.swift; path = JobPostTableViewCell.swift; sourceTree = "<group>"; };
		1BCB40BD2CCEAA4100CCE4AF /* JobPostTableViewCell.xib */ = {isa = PBXFileReference; lastKnownFileType = file.xib; path = JobPostTableViewCell.xib; sourceTree = "<group>"; };
/* End PBXFileReference section */

/* Begin PBXFrameworksBuildPhase section */
		1BCB3FA62CCBA8A100CCE4AF /* Frameworks */ = {
			isa = PBXFrameworksBuildPhase;
			buildActionMask = 2147483647;
			files = (
				1BCB40AB2CCE671D00CCE4AF /* BaseAPI in Frameworks */,
				1BCB40812CCE338000CCE4AF /* Apollo in Frameworks */,
				1BCB40832CCE338900CCE4AF /* IQKeyboardManagerSwift in Frameworks */,
			);
			runOnlyForDeploymentPostprocessing = 0;
		};
		1BCB3FBC2CCBA8A300CCE4AF /* Frameworks */ = {
			isa = PBXFrameworksBuildPhase;
			buildActionMask = 2147483647;
			files = (
			);
			runOnlyForDeploymentPostprocessing = 0;
		};
		1BCB3FC62CCBA8A300CCE4AF /* Frameworks */ = {
			isa = PBXFrameworksBuildPhase;
			buildActionMask = 2147483647;
			files = (
			);
			runOnlyForDeploymentPostprocessing = 0;
		};
/* End PBXFrameworksBuildPhase section */

/* Begin PBXGroup section */
		1B0661642CCF9374002F388E /* HomeJobList */ = {
			isa = PBXGroup;
			children = (
				1B0661652CCF93A2002F388E /* HomeApiCallTest.swift */,
			);
			path = HomeJobList;
			sourceTree = "<group>";
		};
		1B0B579A2CCEC31700A5C802 /* JobDetail */ = {
			isa = PBXGroup;
			children = (
				1B0B579B2CCEC33800A5C802 /* JobDetailViewController.swift */,
			);
			path = JobDetail;
			sourceTree = "<group>";
		};
		1B0B579D2CCED06500A5C802 /* MyProfile */ = {
			isa = PBXGroup;
			children = (
				1B0B579E2CCED07600A5C802 /* MyProfileViewController.swift */,
			);
			path = MyProfile;
			sourceTree = "<group>";
		};
		1B0B57A02CCEDF8C00A5C802 /* LoginTest */ = {
			isa = PBXGroup;
			children = (
				1B0661612CCEF19E002F388E /* UserLoginApiCallTest.swift */,
				1B0661602CCEF19E002F388E /* SeekAsiaAssesmentTests-Bridging-Header.h */,
			);
			path = LoginTest;
			sourceTree = "<group>";
		};
		1BCB3FA02CCBA8A100CCE4AF = {
			isa = PBXGroup;
			children = (
				1BCB409D2CCE651300CCE4AF /* graphql */,
				1BCB404D2CCCFA4A00CCE4AF /* SeekAsiaAssesment */,
				1BCB3FC22CCBA8A300CCE4AF /* SeekAsiaAssesmentTests */,
				1BCB3FCC2CCBA8A300CCE4AF /* SeekAsiaAssesmentUITests */,
				1BCB407F2CCE337600CCE4AF /* Frameworks */,
				1BCB3FAA2CCBA8A100CCE4AF /* Products */,
			);
			sourceTree = "<group>";
		};
		1BCB3FAA2CCBA8A100CCE4AF /* Products */ = {
			isa = PBXGroup;
			children = (
				1BCB3FA92CCBA8A100CCE4AF /* SeekAsiaAssesment.app */,
				1BCB3FBF2CCBA8A300CCE4AF /* SeekAsiaAssesmentTests.xctest */,
				1BCB3FC92CCBA8A300CCE4AF /* SeekAsiaAssesmentUITests.xctest */,
			);
			name = Products;
			sourceTree = "<group>";
		};
		1BCB3FC22CCBA8A300CCE4AF /* SeekAsiaAssesmentTests */ = {
			isa = PBXGroup;
			children = (
				1B0661642CCF9374002F388E /* HomeJobList */,
				1B0B57A02CCEDF8C00A5C802 /* LoginTest */,
			);
			path = SeekAsiaAssesmentTests;
			sourceTree = "<group>";
		};
		1BCB3FCC2CCBA8A300CCE4AF /* SeekAsiaAssesmentUITests */ = {
			isa = PBXGroup;
			children = (
			);
			path = SeekAsiaAssesmentUITests;
			sourceTree = "<group>";
		};
		1BCB40212CCCFA4A00CCE4AF /* AppLifeCycle */ = {
			isa = PBXGroup;
			children = (
				1BCB401F2CCCFA4A00CCE4AF /* AppDelegate.swift */,
			);
			path = AppLifeCycle;
			sourceTree = "<group>";
		};
		1BCB402D2CCCFA4A00CCE4AF /* Fonts */ = {
			isa = PBXGroup;
			children = (
				1BCB40222CCCFA4A00CCE4AF /* Roboto-Black.ttf */,
				1BCB40232CCCFA4A00CCE4AF /* Roboto-BlackItalic.ttf */,
				1BCB40242CCCFA4A00CCE4AF /* Roboto-Bold.ttf */,
				1BCB40252CCCFA4A00CCE4AF /* Roboto-BoldItalic.ttf */,
				1BCB40262CCCFA4A00CCE4AF /* Roboto-Italic.ttf */,
				1BCB40272CCCFA4A00CCE4AF /* Roboto-Light.ttf */,
				1BCB40282CCCFA4A00CCE4AF /* Roboto-LightItalic.ttf */,
				1BCB40292CCCFA4A00CCE4AF /* Roboto-Medium.ttf */,
				1BCB402A2CCCFA4A00CCE4AF /* Roboto-MediumItalic.ttf */,
				1BCB402B2CCCFA4A00CCE4AF /* Roboto-Regular.ttf */,
				1BCB402C2CCCFA4A00CCE4AF /* Roboto-Thin.ttf */,
			);
			path = Fonts;
			sourceTree = "<group>";
		};
		1BCB402E2CCCFA4A00CCE4AF /* AppSupport */ = {
			isa = PBXGroup;
			children = (
				1BCB40BB2CCEAA1600CCE4AF /* JobPostCell */,
				1BCB40722CCD4A6700CCE4AF /* Toast */,
				1BCB402D2CCCFA4A00CCE4AF /* Fonts */,
			);
			path = AppSupport;
			sourceTree = "<group>";
		};
		1BCB40302CCCFA4A00CCE4AF /* Assets */ = {
			isa = PBXGroup;
			children = (
				1BCB402F2CCCFA4A00CCE4AF /* Assets.xcassets */,
			);
			path = Assets;
			sourceTree = "<group>";
		};
		1BCB40312CCCFA4A00CCE4AF /* Models */ = {
			isa = PBXGroup;
			children = (
				1BCB40B72CCE8D8100CCE4AF /* JobPostModel.swift */,
				1BCB40AF2CCE6EB600CCE4AF /* LoginModel.swift */,
			);
			path = Models;
			sourceTree = "<group>";
		};
		1BCB40362CCCFA4A00CCE4AF /* UI */ = {
			isa = PBXGroup;
			children = (
				1BCB40332CCCFA4A00CCE4AF /* LaunchScreen.storyboard */,
				1BCB40352CCCFA4A00CCE4AF /* Main.storyboard */,
			);
			path = UI;
			sourceTree = "<group>";
		};
		1BCB40382CCCFA4A00CCE4AF /* AppStyle */ = {
			isa = PBXGroup;
			children = (
				1BCB40372CCCFA4A00CCE4AF /* AppStyle.swift */,
			);
			path = AppStyle;
			sourceTree = "<group>";
		};
		1BCB403A2CCCFA4A00CCE4AF /* BaseButton */ = {
			isa = PBXGroup;
			children = (
				1BCB40392CCCFA4A00CCE4AF /* BaseButton.swift */,
			);
			path = BaseButton;
			sourceTree = "<group>";
		};
		1BCB403C2CCCFA4A00CCE4AF /* KeyChainWrapper */ = {
			isa = PBXGroup;
			children = (
				1BCB403B2CCCFA4A00CCE4AF /* KeychainManager.swift */,
			);
			path = KeyChainWrapper;
			sourceTree = "<group>";
		};
		1BCB403E2CCCFA4A00CCE4AF /* ScallingUtil */ = {
			isa = PBXGroup;
			children = (
				1BCB403D2CCCFA4A00CCE4AF /* AppLayoutHelper.swift */,
			);
			path = ScallingUtil;
			sourceTree = "<group>";
		};
		1BCB40402CCCFA4A00CCE4AF /* UIColor */ = {
			isa = PBXGroup;
			children = (
				1BCB403F2CCCFA4A00CCE4AF /* UIColor.swift */,
			);
			path = UIColor;
			sourceTree = "<group>";
		};
		1BCB40422CCCFA4A00CCE4AF /* UILabel */ = {
			isa = PBXGroup;
			children = (
				1BCB40412CCCFA4A00CCE4AF /* UILabel.swift */,
			);
			path = UILabel;
			sourceTree = "<group>";
		};
		1BCB40442CCCFA4A00CCE4AF /* UITextField */ = {
			isa = PBXGroup;
			children = (
				1BCB40432CCCFA4A00CCE4AF /* LoginTextField.swift */,
			);
			path = UITextField;
			sourceTree = "<group>";
		};
		1BCB40452CCCFA4A00CCE4AF /* Utils */ = {
			isa = PBXGroup;
			children = (
				1BCB406A2CCD0F9400CCE4AF /* Constants */,
				1BCB40382CCCFA4A00CCE4AF /* AppStyle */,
				1BCB403A2CCCFA4A00CCE4AF /* BaseButton */,
				1BCB403C2CCCFA4A00CCE4AF /* KeyChainWrapper */,
				1BCB403E2CCCFA4A00CCE4AF /* ScallingUtil */,
				1BCB40402CCCFA4A00CCE4AF /* UIColor */,
				1BCB40422CCCFA4A00CCE4AF /* UILabel */,
				1BCB40442CCCFA4A00CCE4AF /* UITextField */,
			);
			path = Utils;
			sourceTree = "<group>";
		};
		1BCB40472CCCFA4A00CCE4AF /* Login */ = {
			isa = PBXGroup;
			children = (
				1BCB40462CCCFA4A00CCE4AF /* LoginViewController.swift */,
			);
			path = Login;
			sourceTree = "<group>";
		};
		1BCB40492CCCFA4A00CCE4AF /* Splash */ = {
			isa = PBXGroup;
			children = (
				1BCB40482CCCFA4A00CCE4AF /* SplashViewController.swift */,
			);
			path = Splash;
			sourceTree = "<group>";
		};
		1BCB404A2CCCFA4A00CCE4AF /* ViewControllers */ = {
			isa = PBXGroup;
			children = (
				1B0B579D2CCED06500A5C802 /* MyProfile */,
				1B0B579A2CCEC31700A5C802 /* JobDetail */,
				1BCB40B12CCE806700CCE4AF /* HomeScreen */,
				1BCB40472CCCFA4A00CCE4AF /* Login */,
				1BCB40492CCCFA4A00CCE4AF /* Splash */,
				1BCB40682CCD008900CCE4AF /* BaseClass.swift */,
			);
			path = ViewControllers;
			sourceTree = "<group>";
		};
		1BCB404B2CCCFA4A00CCE4AF /* ViewModel */ = {
			isa = PBXGroup;
			children = (
				1BCB40B42CCE864D00CCE4AF /* HomeScreen */,
				1BCB406D2CCD124700CCE4AF /* Login */,
			);
			path = ViewModel;
			sourceTree = "<group>";
		};
		1BCB404D2CCCFA4A00CCE4AF /* SeekAsiaAssesment */ = {
			isa = PBXGroup;
			children = (
				1BCB40892CCE406B00CCE4AF /* Network */,
				1BCB40212CCCFA4A00CCE4AF /* AppLifeCycle */,
				1BCB402E2CCCFA4A00CCE4AF /* AppSupport */,
				1BCB40302CCCFA4A00CCE4AF /* Assets */,
				1BCB40312CCCFA4A00CCE4AF /* Models */,
				1BCB40362CCCFA4A00CCE4AF /* UI */,
				1BCB40452CCCFA4A00CCE4AF /* Utils */,
				1BCB404A2CCCFA4A00CCE4AF /* ViewControllers */,
				1BCB404B2CCCFA4A00CCE4AF /* ViewModel */,
				1BCB404C2CCCFA4A00CCE4AF /* Info.plist */,
			);
			path = SeekAsiaAssesment;
			sourceTree = "<group>";
		};
		1BCB406A2CCD0F9400CCE4AF /* Constants */ = {
			isa = PBXGroup;
			children = (
				1BCB406B2CCD0F9D00CCE4AF /* GlobalConstants.swift */,
			);
			path = Constants;
			sourceTree = "<group>";
		};
		1BCB406D2CCD124700CCE4AF /* Login */ = {
			isa = PBXGroup;
			children = (
				1BCB406E2CCD130900CCE4AF /* LoginViewModel.swift */,
			);
			path = Login;
			sourceTree = "<group>";
		};
		1BCB40722CCD4A6700CCE4AF /* Toast */ = {
			isa = PBXGroup;
			children = (
				1BCB40712CCD4A6700CCE4AF /* Toast.swift */,
			);
			path = Toast;
			sourceTree = "<group>";
		};
		1BCB407F2CCE337600CCE4AF /* Frameworks */ = {
			isa = PBXGroup;
			children = (
			);
			name = Frameworks;
			sourceTree = "<group>";
		};
		1BCB40892CCE406B00CCE4AF /* Network */ = {
			isa = PBXGroup;
			children = (
				1BCB40AC2CCE6C4300CCE4AF /* ApiCalls */,
				1BCB408A2CCE407500CCE4AF /* NetworkClient.swift */,
			);
			path = Network;
			sourceTree = "<group>";
		};
		1BCB409D2CCE651300CCE4AF /* graphql */ = {
			isa = PBXGroup;
			children = (
				1BCB40A72CCE663C00CCE4AF /* Apply.graphql */,
				1BCB40A52CCE662A00CCE4AF /* GetJob.graphql */,
				1BCB40A12CCE65DE00CCE4AF /* GetJobs.graphql */,
				1BCB409F2CCE653D00CCE4AF /* Auth.graphql */,
				1BCB409C2CCE651300CCE4AF /* schema.graphqls */,
			);
			path = graphql;
			sourceTree = "<group>";
		};
		1BCB40AC2CCE6C4300CCE4AF /* ApiCalls */ = {
			isa = PBXGroup;
			children = (
				1BCB40B92CCE8F5200CCE4AF /* HomeApiCall.swift */,
				1BCB40AD2CCE6C6000CCE4AF /* UserLoginApiCall.swift */,
			);
			path = ApiCalls;
			sourceTree = "<group>";
		};
		1BCB40B12CCE806700CCE4AF /* HomeScreen */ = {
			isa = PBXGroup;
			children = (
				1BCB40B22CCE809400CCE4AF /* HomeViewController.swift */,
			);
			path = HomeScreen;
			sourceTree = "<group>";
		};
		1BCB40B42CCE864D00CCE4AF /* HomeScreen */ = {
			isa = PBXGroup;
			children = (
				1BCB40B52CCE865800CCE4AF /* HomeViewModel.swift */,
			);
			path = HomeScreen;
			sourceTree = "<group>";
		};
		1BCB40BB2CCEAA1600CCE4AF /* JobPostCell */ = {
			isa = PBXGroup;
			children = (
				1BCB40BC2CCEAA4100CCE4AF /* JobPostTableViewCell.swift */,
				1BCB40BD2CCEAA4100CCE4AF /* JobPostTableViewCell.xib */,
			);
			path = JobPostCell;
			sourceTree = "<group>";
		};
/* End PBXGroup section */

/* Begin PBXNativeTarget section */
		1BCB3FA82CCBA8A100CCE4AF /* SeekAsiaAssesment */ = {
			isa = PBXNativeTarget;
			buildConfigurationList = 1BCB3FD22CCBA8A300CCE4AF /* Build configuration list for PBXNativeTarget "SeekAsiaAssesment" */;
			buildPhases = (
				1BCB3FA52CCBA8A100CCE4AF /* Sources */,
				1BCB3FA62CCBA8A100CCE4AF /* Frameworks */,
				1BCB3FA72CCBA8A100CCE4AF /* Resources */,
			);
			buildRules = (
			);
			dependencies = (
			);
			name = SeekAsiaAssesment;
			productName = SeekAsiaAssesment;
			productReference = 1BCB3FA92CCBA8A100CCE4AF /* SeekAsiaAssesment.app */;
			productType = "com.apple.product-type.application";
		};
		1BCB3FBE2CCBA8A300CCE4AF /* SeekAsiaAssesmentTests */ = {
			isa = PBXNativeTarget;
			buildConfigurationList = 1BCB3FD72CCBA8A300CCE4AF /* Build configuration list for PBXNativeTarget "SeekAsiaAssesmentTests" */;
			buildPhases = (
				1BCB3FBB2CCBA8A300CCE4AF /* Sources */,
				1BCB3FBC2CCBA8A300CCE4AF /* Frameworks */,
				1BCB3FBD2CCBA8A300CCE4AF /* Resources */,
			);
			buildRules = (
			);
			dependencies = (
				1BCB3FC12CCBA8A300CCE4AF /* PBXTargetDependency */,
			);
			name = SeekAsiaAssesmentTests;
			productName = SeekAsiaAssesmentTests;
			productReference = 1BCB3FBF2CCBA8A300CCE4AF /* SeekAsiaAssesmentTests.xctest */;
			productType = "com.apple.product-type.bundle.unit-test";
		};
		1BCB3FC82CCBA8A300CCE4AF /* SeekAsiaAssesmentUITests */ = {
			isa = PBXNativeTarget;
			buildConfigurationList = 1BCB3FDA2CCBA8A300CCE4AF /* Build configuration list for PBXNativeTarget "SeekAsiaAssesmentUITests" */;
			buildPhases = (
				1BCB3FC52CCBA8A300CCE4AF /* Sources */,
				1BCB3FC62CCBA8A300CCE4AF /* Frameworks */,
				1BCB3FC72CCBA8A300CCE4AF /* Resources */,
			);
			buildRules = (
			);
			dependencies = (
				1BCB3FCB2CCBA8A300CCE4AF /* PBXTargetDependency */,
			);
			name = SeekAsiaAssesmentUITests;
			productName = SeekAsiaAssesmentUITests;
			productReference = 1BCB3FC92CCBA8A300CCE4AF /* SeekAsiaAssesmentUITests.xctest */;
			productType = "com.apple.product-type.bundle.ui-testing";
		};
/* End PBXNativeTarget section */

/* Begin PBXProject section */
		1BCB3FA12CCBA8A100CCE4AF /* Project object */ = {
			isa = PBXProject;
			attributes = {
				BuildIndependentTargetsInParallel = 1;
				LastSwiftUpdateCheck = 1600;
				LastUpgradeCheck = 1600;
				TargetAttributes = {
					1BCB3FA82CCBA8A100CCE4AF = {
						CreatedOnToolsVersion = 16.0;
					};
					1BCB3FBE2CCBA8A300CCE4AF = {
						CreatedOnToolsVersion = 16.0;
						LastSwiftMigration = 1600;
						TestTargetID = 1BCB3FA82CCBA8A100CCE4AF;
					};
					1BCB3FC82CCBA8A300CCE4AF = {
						CreatedOnToolsVersion = 16.0;
						TestTargetID = 1BCB3FA82CCBA8A100CCE4AF;
					};
				};
			};
			buildConfigurationList = 1BCB3FA42CCBA8A100CCE4AF /* Build configuration list for PBXProject "SeekAsiaAssesment" */;
			compatibilityVersion = "Xcode 14.0";
			developmentRegion = en;
			hasScannedForEncodings = 0;
			knownRegions = (
				en,
				Base,
			);
			mainGroup = 1BCB3FA02CCBA8A100CCE4AF;
			minimizedProjectReferenceProxies = 1;
			packageReferences = (
				1BCB40742CCD4E4C00CCE4AF /* XCRemoteSwiftPackageReference "apollo-ios" */,
				1BCB40752CCD4F2300CCE4AF /* XCRemoteSwiftPackageReference "IQKeyboardManager" */,
				1BCB40A92CCE670B00CCE4AF /* XCLocalSwiftPackageReference "BaseAPI" */,
			);
			productRefGroup = 1BCB3FAA2CCBA8A100CCE4AF /* Products */;
			projectDirPath = "";
			projectRoot = "";
			targets = (
				1BCB3FA82CCBA8A100CCE4AF /* SeekAsiaAssesment */,
				1BCB3FBE2CCBA8A300CCE4AF /* SeekAsiaAssesmentTests */,
				1BCB3FC82CCBA8A300CCE4AF /* SeekAsiaAssesmentUITests */,
			);
		};
/* End PBXProject section */

/* Begin PBXResourcesBuildPhase section */
		1BCB3FA72CCBA8A100CCE4AF /* Resources */ = {
			isa = PBXResourcesBuildPhase;
			buildActionMask = 2147483647;
			files = (
				1BCB40592CCCFA4A00CCE4AF /* Roboto-Black.ttf in Resources */,
				1BCB409E2CCE651300CCE4AF /* schema.graphqls in Resources */,
				1BCB405A2CCCFA4A00CCE4AF /* Roboto-BlackItalic.ttf in Resources */,
				1BCB405B2CCCFA4A00CCE4AF /* Roboto-Bold.ttf in Resources */,
				1BCB405C2CCCFA4A00CCE4AF /* Roboto-BoldItalic.ttf in Resources */,
				1BCB405D2CCCFA4A00CCE4AF /* Roboto-Italic.ttf in Resources */,
				1BCB405E2CCCFA4A00CCE4AF /* Roboto-Light.ttf in Resources */,
				1BCB405F2CCCFA4A00CCE4AF /* Roboto-LightItalic.ttf in Resources */,
				1BCB40602CCCFA4A00CCE4AF /* Roboto-Medium.ttf in Resources */,
				1BCB40612CCCFA4A00CCE4AF /* Roboto-MediumItalic.ttf in Resources */,
				1BCB40622CCCFA4A00CCE4AF /* Roboto-Regular.ttf in Resources */,
				1BCB40632CCCFA4A00CCE4AF /* Roboto-Thin.ttf in Resources */,
				1BCB40642CCCFA4A00CCE4AF /* Assets.xcassets in Resources */,
				1BCB40BE2CCEAA4100CCE4AF /* JobPostTableViewCell.xib in Resources */,
				1BCB40652CCCFA4A00CCE4AF /* LaunchScreen.storyboard in Resources */,
				1BCB40662CCCFA4A00CCE4AF /* Main.storyboard in Resources */,
			);
			runOnlyForDeploymentPostprocessing = 0;
		};
		1BCB3FBD2CCBA8A300CCE4AF /* Resources */ = {
			isa = PBXResourcesBuildPhase;
			buildActionMask = 2147483647;
			files = (
			);
			runOnlyForDeploymentPostprocessing = 0;
		};
		1BCB3FC72CCBA8A300CCE4AF /* Resources */ = {
			isa = PBXResourcesBuildPhase;
			buildActionMask = 2147483647;
			files = (
			);
			runOnlyForDeploymentPostprocessing = 0;
		};
/* End PBXResourcesBuildPhase section */

/* Begin PBXSourcesBuildPhase section */
		1BCB3FA52CCBA8A100CCE4AF /* Sources */ = {
			isa = PBXSourcesBuildPhase;
			buildActionMask = 2147483647;
			files = (
				1BCB40B62CCE865F00CCE4AF /* HomeViewModel.swift in Sources */,
				1BCB408B2CCE408E00CCE4AF /* NetworkClient.swift in Sources */,
				1BCB404E2CCCFA4A00CCE4AF /* AppDelegate.swift in Sources */,
				1BCB40AE2CCE6C6D00CCE4AF /* UserLoginApiCall.swift in Sources */,
				1BCB40502CCCFA4A00CCE4AF /* AppStyle.swift in Sources */,
				1BCB40512CCCFA4A00CCE4AF /* BaseButton.swift in Sources */,
				1B0B579F2CCED07600A5C802 /* MyProfileViewController.swift in Sources */,
				1BCB40B32CCE809400CCE4AF /* HomeViewController.swift in Sources */,
				1BCB40522CCCFA4A00CCE4AF /* KeychainManager.swift in Sources */,
				1BCB40532CCCFA4A00CCE4AF /* AppLayoutHelper.swift in Sources */,
				1BCB40542CCCFA4A00CCE4AF /* UIColor.swift in Sources */,
				1BCB40B02CCE6EBD00CCE4AF /* LoginModel.swift in Sources */,
				1BCB40BF2CCEAA4100CCE4AF /* JobPostTableViewCell.swift in Sources */,
				1BCB40BA2CCE8F5700CCE4AF /* HomeApiCall.swift in Sources */,
				1BCB40B82CCE8D8800CCE4AF /* JobPostModel.swift in Sources */,
				1BCB40692CCD008900CCE4AF /* BaseClass.swift in Sources */,
				1BCB40552CCCFA4A00CCE4AF /* UILabel.swift in Sources */,
				1BCB406F2CCD130D00CCE4AF /* LoginViewModel.swift in Sources */,
				1BCB40562CCCFA4A00CCE4AF /* LoginTextField.swift in Sources */,
				1B0B579C2CCEC33800A5C802 /* JobDetailViewController.swift in Sources */,
				1BCB40572CCCFA4A00CCE4AF /* LoginViewController.swift in Sources */,
				1BCB406C2CCD0FA100CCE4AF /* GlobalConstants.swift in Sources */,
				1BCB40582CCCFA4A00CCE4AF /* SplashViewController.swift in Sources */,
				1BCB40732CCD4A6700CCE4AF /* Toast.swift in Sources */,
			);
			runOnlyForDeploymentPostprocessing = 0;
		};
		1BCB3FBB2CCBA8A300CCE4AF /* Sources */ = {
			isa = PBXSourcesBuildPhase;
			buildActionMask = 2147483647;
			files = (
				1B0661622CCEF19E002F388E /* UserLoginApiCallTest.swift in Sources */,
				1B0661662CCF93A2002F388E /* HomeApiCallTest.swift in Sources */,
			);
			runOnlyForDeploymentPostprocessing = 0;
		};
		1BCB3FC52CCBA8A300CCE4AF /* Sources */ = {
			isa = PBXSourcesBuildPhase;
			buildActionMask = 2147483647;
			files = (
			);
			runOnlyForDeploymentPostprocessing = 0;
		};
/* End PBXSourcesBuildPhase section */

/* Begin PBXTargetDependency section */
		1BCB3FC12CCBA8A300CCE4AF /* PBXTargetDependency */ = {
			isa = PBXTargetDependency;
			target = 1BCB3FA82CCBA8A100CCE4AF /* SeekAsiaAssesment */;
			targetProxy = 1BCB3FC02CCBA8A300CCE4AF /* PBXContainerItemProxy */;
		};
		1BCB3FCB2CCBA8A300CCE4AF /* PBXTargetDependency */ = {
			isa = PBXTargetDependency;
			target = 1BCB3FA82CCBA8A100CCE4AF /* SeekAsiaAssesment */;
			targetProxy = 1BCB3FCA2CCBA8A300CCE4AF /* PBXContainerItemProxy */;
		};
/* End PBXTargetDependency section */

/* Begin PBXVariantGroup section */
		1BCB40332CCCFA4A00CCE4AF /* LaunchScreen.storyboard */ = {
			isa = PBXVariantGroup;
			children = (
				1BCB40322CCCFA4A00CCE4AF /* Base */,
			);
			name = LaunchScreen.storyboard;
			sourceTree = "<group>";
		};
		1BCB40352CCCFA4A00CCE4AF /* Main.storyboard */ = {
			isa = PBXVariantGroup;
			children = (
				1BCB40342CCCFA4A00CCE4AF /* Base */,
			);
			name = Main.storyboard;
			sourceTree = "<group>";
		};
/* End PBXVariantGroup section */

/* Begin XCBuildConfiguration section */
		1BCB3FD32CCBA8A300CCE4AF /* Debug */ = {
			isa = XCBuildConfiguration;
			buildSettings = {
				ASSETCATALOG_COMPILER_APPICON_NAME = AppIcon;
				ASSETCATALOG_COMPILER_GLOBAL_ACCENT_COLOR_NAME = AccentColor;
				CODE_SIGN_STYLE = Automatic;
				CURRENT_PROJECT_VERSION = 1;
				DEVELOPMENT_TEAM = X56FMGRQ9L;
				ENABLE_USER_SCRIPT_SANDBOXING = NO;
				GENERATE_INFOPLIST_FILE = YES;
				INFOPLIST_FILE = SeekAsiaAssesment/Info.plist;
				INFOPLIST_KEY_UIApplicationSupportsIndirectInputEvents = YES;
				INFOPLIST_KEY_UILaunchStoryboardName = LaunchScreen;
				INFOPLIST_KEY_UIMainStoryboardFile = Main;
				INFOPLIST_KEY_UISupportedInterfaceOrientations_iPad = "UIInterfaceOrientationPortrait UIInterfaceOrientationPortraitUpsideDown UIInterfaceOrientationLandscapeLeft UIInterfaceOrientationLandscapeRight";
				INFOPLIST_KEY_UISupportedInterfaceOrientations_iPhone = "UIInterfaceOrientationPortrait UIInterfaceOrientationLandscapeLeft UIInterfaceOrientationLandscapeRight";
				IPHONEOS_DEPLOYMENT_TARGET = 15.6;
				LD_RUNPATH_SEARCH_PATHS = (
					"$(inherited)",
					"@executable_path/Frameworks",
				);
				MARKETING_VERSION = 1.0;
				PRODUCT_BUNDLE_IDENTIFIER = com.buk.SeekAsiaAssesment;
				PRODUCT_NAME = "$(TARGET_NAME)";
				SWIFT_EMIT_LOC_STRINGS = YES;
				SWIFT_VERSION = 5.0;
				TARGETED_DEVICE_FAMILY = "1,2";
			};
			name = Debug;
		};
		1BCB3FD42CCBA8A300CCE4AF /* Release */ = {
			isa = XCBuildConfiguration;
			buildSettings = {
				ASSETCATALOG_COMPILER_APPICON_NAME = AppIcon;
				ASSETCATALOG_COMPILER_GLOBAL_ACCENT_COLOR_NAME = AccentColor;
				CODE_SIGN_STYLE = Automatic;
				CURRENT_PROJECT_VERSION = 1;
				DEVELOPMENT_TEAM = X56FMGRQ9L;
				ENABLE_USER_SCRIPT_SANDBOXING = NO;
				GENERATE_INFOPLIST_FILE = YES;
				INFOPLIST_FILE = SeekAsiaAssesment/Info.plist;
				INFOPLIST_KEY_UIApplicationSupportsIndirectInputEvents = YES;
				INFOPLIST_KEY_UILaunchStoryboardName = LaunchScreen;
				INFOPLIST_KEY_UIMainStoryboardFile = Main;
				INFOPLIST_KEY_UISupportedInterfaceOrientations_iPad = "UIInterfaceOrientationPortrait UIInterfaceOrientationPortraitUpsideDown UIInterfaceOrientationLandscapeLeft UIInterfaceOrientationLandscapeRight";
				INFOPLIST_KEY_UISupportedInterfaceOrientations_iPhone = "UIInterfaceOrientationPortrait UIInterfaceOrientationLandscapeLeft UIInterfaceOrientationLandscapeRight";
				IPHONEOS_DEPLOYMENT_TARGET = 15.6;
				LD_RUNPATH_SEARCH_PATHS = (
					"$(inherited)",
					"@executable_path/Frameworks",
				);
				MARKETING_VERSION = 1.0;
				PRODUCT_BUNDLE_IDENTIFIER = com.buk.SeekAsiaAssesment;
				PRODUCT_NAME = "$(TARGET_NAME)";
				SWIFT_EMIT_LOC_STRINGS = YES;
				SWIFT_VERSION = 5.0;
				TARGETED_DEVICE_FAMILY = "1,2";
			};
			name = Release;
		};
		1BCB3FD52CCBA8A300CCE4AF /* Debug */ = {
			isa = XCBuildConfiguration;
			buildSettings = {
				ALWAYS_SEARCH_USER_PATHS = NO;
				ASSETCATALOG_COMPILER_GENERATE_SWIFT_ASSET_SYMBOL_EXTENSIONS = YES;
				CLANG_ANALYZER_NONNULL = YES;
				CLANG_ANALYZER_NUMBER_OBJECT_CONVERSION = YES_AGGRESSIVE;
				CLANG_CXX_LANGUAGE_STANDARD = "gnu++20";
				CLANG_ENABLE_MODULES = YES;
				CLANG_ENABLE_OBJC_ARC = YES;
				CLANG_ENABLE_OBJC_WEAK = YES;
				CLANG_WARN_BLOCK_CAPTURE_AUTORELEASING = YES;
				CLANG_WARN_BOOL_CONVERSION = YES;
				CLANG_WARN_COMMA = YES;
				CLANG_WARN_CONSTANT_CONVERSION = YES;
				CLANG_WARN_DEPRECATED_OBJC_IMPLEMENTATIONS = YES;
				CLANG_WARN_DIRECT_OBJC_ISA_USAGE = YES_ERROR;
				CLANG_WARN_DOCUMENTATION_COMMENTS = YES;
				CLANG_WARN_EMPTY_BODY = YES;
				CLANG_WARN_ENUM_CONVERSION = YES;
				CLANG_WARN_INFINITE_RECURSION = YES;
				CLANG_WARN_INT_CONVERSION = YES;
				CLANG_WARN_NON_LITERAL_NULL_CONVERSION = YES;
				CLANG_WARN_OBJC_IMPLICIT_RETAIN_SELF = YES;
				CLANG_WARN_OBJC_LITERAL_CONVERSION = YES;
				CLANG_WARN_OBJC_ROOT_CLASS = YES_ERROR;
				CLANG_WARN_QUOTED_INCLUDE_IN_FRAMEWORK_HEADER = YES;
				CLANG_WARN_RANGE_LOOP_ANALYSIS = YES;
				CLANG_WARN_STRICT_PROTOTYPES = YES;
				CLANG_WARN_SUSPICIOUS_MOVE = YES;
				CLANG_WARN_UNGUARDED_AVAILABILITY = YES_AGGRESSIVE;
				CLANG_WARN_UNREACHABLE_CODE = YES;
				CLANG_WARN__DUPLICATE_METHOD_MATCH = YES;
				COPY_PHASE_STRIP = NO;
				DEBUG_INFORMATION_FORMAT = dwarf;
				ENABLE_STRICT_OBJC_MSGSEND = YES;
				ENABLE_TESTABILITY = YES;
				ENABLE_USER_SCRIPT_SANDBOXING = YES;
				GCC_C_LANGUAGE_STANDARD = gnu17;
				GCC_DYNAMIC_NO_PIC = NO;
				GCC_NO_COMMON_BLOCKS = YES;
				GCC_OPTIMIZATION_LEVEL = 0;
				GCC_PREPROCESSOR_DEFINITIONS = (
					"DEBUG=1",
					"$(inherited)",
				);
				GCC_WARN_64_TO_32_BIT_CONVERSION = YES;
				GCC_WARN_ABOUT_RETURN_TYPE = YES_ERROR;
				GCC_WARN_UNDECLARED_SELECTOR = YES;
				GCC_WARN_UNINITIALIZED_AUTOS = YES_AGGRESSIVE;
				GCC_WARN_UNUSED_FUNCTION = YES;
				GCC_WARN_UNUSED_VARIABLE = YES;
				IPHONEOS_DEPLOYMENT_TARGET = 18.0;
				LOCALIZATION_PREFERS_STRING_CATALOGS = YES;
				MTL_ENABLE_DEBUG_INFO = INCLUDE_SOURCE;
				MTL_FAST_MATH = YES;
				ONLY_ACTIVE_ARCH = YES;
				SDKROOT = iphoneos;
				SWIFT_ACTIVE_COMPILATION_CONDITIONS = "DEBUG $(inherited)";
				SWIFT_OPTIMIZATION_LEVEL = "-Onone";
			};
			name = Debug;
		};
		1BCB3FD62CCBA8A300CCE4AF /* Release */ = {
			isa = XCBuildConfiguration;
			buildSettings = {
				ALWAYS_SEARCH_USER_PATHS = NO;
				ASSETCATALOG_COMPILER_GENERATE_SWIFT_ASSET_SYMBOL_EXTENSIONS = YES;
				CLANG_ANALYZER_NONNULL = YES;
				CLANG_ANALYZER_NUMBER_OBJECT_CONVERSION = YES_AGGRESSIVE;
				CLANG_CXX_LANGUAGE_STANDARD = "gnu++20";
				CLANG_ENABLE_MODULES = YES;
				CLANG_ENABLE_OBJC_ARC = YES;
				CLANG_ENABLE_OBJC_WEAK = YES;
				CLANG_WARN_BLOCK_CAPTURE_AUTORELEASING = YES;
				CLANG_WARN_BOOL_CONVERSION = YES;
				CLANG_WARN_COMMA = YES;
				CLANG_WARN_CONSTANT_CONVERSION = YES;
				CLANG_WARN_DEPRECATED_OBJC_IMPLEMENTATIONS = YES;
				CLANG_WARN_DIRECT_OBJC_ISA_USAGE = YES_ERROR;
				CLANG_WARN_DOCUMENTATION_COMMENTS = YES;
				CLANG_WARN_EMPTY_BODY = YES;
				CLANG_WARN_ENUM_CONVERSION = YES;
				CLANG_WARN_INFINITE_RECURSION = YES;
				CLANG_WARN_INT_CONVERSION = YES;
				CLANG_WARN_NON_LITERAL_NULL_CONVERSION = YES;
				CLANG_WARN_OBJC_IMPLICIT_RETAIN_SELF = YES;
				CLANG_WARN_OBJC_LITERAL_CONVERSION = YES;
				CLANG_WARN_OBJC_ROOT_CLASS = YES_ERROR;
				CLANG_WARN_QUOTED_INCLUDE_IN_FRAMEWORK_HEADER = YES;
				CLANG_WARN_RANGE_LOOP_ANALYSIS = YES;
				CLANG_WARN_STRICT_PROTOTYPES = YES;
				CLANG_WARN_SUSPICIOUS_MOVE = YES;
				CLANG_WARN_UNGUARDED_AVAILABILITY = YES_AGGRESSIVE;
				CLANG_WARN_UNREACHABLE_CODE = YES;
				CLANG_WARN__DUPLICATE_METHOD_MATCH = YES;
				COPY_PHASE_STRIP = NO;
				DEBUG_INFORMATION_FORMAT = "dwarf-with-dsym";
				ENABLE_NS_ASSERTIONS = NO;
				ENABLE_STRICT_OBJC_MSGSEND = YES;
				ENABLE_USER_SCRIPT_SANDBOXING = YES;
				GCC_C_LANGUAGE_STANDARD = gnu17;
				GCC_NO_COMMON_BLOCKS = YES;
				GCC_WARN_64_TO_32_BIT_CONVERSION = YES;
				GCC_WARN_ABOUT_RETURN_TYPE = YES_ERROR;
				GCC_WARN_UNDECLARED_SELECTOR = YES;
				GCC_WARN_UNINITIALIZED_AUTOS = YES_AGGRESSIVE;
				GCC_WARN_UNUSED_FUNCTION = YES;
				GCC_WARN_UNUSED_VARIABLE = YES;
				IPHONEOS_DEPLOYMENT_TARGET = 18.0;
				LOCALIZATION_PREFERS_STRING_CATALOGS = YES;
				MTL_ENABLE_DEBUG_INFO = NO;
				MTL_FAST_MATH = YES;
				SDKROOT = iphoneos;
				SWIFT_COMPILATION_MODE = wholemodule;
				VALIDATE_PRODUCT = YES;
			};
			name = Release;
		};
		1BCB3FD82CCBA8A300CCE4AF /* Debug */ = {
			isa = XCBuildConfiguration;
			buildSettings = {
				BUNDLE_LOADER = "$(TEST_HOST)";
				CLANG_ENABLE_MODULES = YES;
				CODE_SIGN_STYLE = Automatic;
				CURRENT_PROJECT_VERSION = 1;
				DEVELOPMENT_TEAM = X56FMGRQ9L;
				GENERATE_INFOPLIST_FILE = YES;
				IPHONEOS_DEPLOYMENT_TARGET = 18.0;
				MARKETING_VERSION = 1.0;
				PRODUCT_BUNDLE_IDENTIFIER = com.buk.SeekAsiaAssesmentTests;
				PRODUCT_NAME = "$(TARGET_NAME)";
				SWIFT_EMIT_LOC_STRINGS = NO;
				SWIFT_OBJC_BRIDGING_HEADER = "SeekAsiaAssesmentTests/LoginTest/SeekAsiaAssesmentTests-Bridging-Header.h";
				SWIFT_OPTIMIZATION_LEVEL = "-Onone";
				SWIFT_VERSION = 5.0;
				TARGETED_DEVICE_FAMILY = "1,2";
				TEST_HOST = "$(BUILT_PRODUCTS_DIR)/SeekAsiaAssesment.app/$(BUNDLE_EXECUTABLE_FOLDER_PATH)/SeekAsiaAssesment";
			};
			name = Debug;
		};
		1BCB3FD92CCBA8A300CCE4AF /* Release */ = {
			isa = XCBuildConfiguration;
			buildSettings = {
				BUNDLE_LOADER = "$(TEST_HOST)";
				CLANG_ENABLE_MODULES = YES;
				CODE_SIGN_STYLE = Automatic;
				CURRENT_PROJECT_VERSION = 1;
				DEVELOPMENT_TEAM = X56FMGRQ9L;
				GENERATE_INFOPLIST_FILE = YES;
				IPHONEOS_DEPLOYMENT_TARGET = 18.0;
				MARKETING_VERSION = 1.0;
				PRODUCT_BUNDLE_IDENTIFIER = com.buk.SeekAsiaAssesmentTests;
				PRODUCT_NAME = "$(TARGET_NAME)";
				SWIFT_EMIT_LOC_STRINGS = NO;
				SWIFT_OBJC_BRIDGING_HEADER = "SeekAsiaAssesmentTests/LoginTest/SeekAsiaAssesmentTests-Bridging-Header.h";
				SWIFT_VERSION = 5.0;
				TARGETED_DEVICE_FAMILY = "1,2";
				TEST_HOST = "$(BUILT_PRODUCTS_DIR)/SeekAsiaAssesment.app/$(BUNDLE_EXECUTABLE_FOLDER_PATH)/SeekAsiaAssesment";
			};
			name = Release;
		};
		1BCB3FDB2CCBA8A300CCE4AF /* Debug */ = {
			isa = XCBuildConfiguration;
			buildSettings = {
				CODE_SIGN_STYLE = Automatic;
				CURRENT_PROJECT_VERSION = 1;
				DEVELOPMENT_TEAM = X56FMGRQ9L;
				GENERATE_INFOPLIST_FILE = YES;
				MARKETING_VERSION = 1.0;
				PRODUCT_BUNDLE_IDENTIFIER = com.buk.SeekAsiaAssesmentUITests;
				PRODUCT_NAME = "$(TARGET_NAME)";
				SWIFT_EMIT_LOC_STRINGS = NO;
				SWIFT_VERSION = 5.0;
				TARGETED_DEVICE_FAMILY = "1,2";
				TEST_TARGET_NAME = SeekAsiaAssesment;
			};
			name = Debug;
		};
		1BCB3FDC2CCBA8A300CCE4AF /* Release */ = {
			isa = XCBuildConfiguration;
			buildSettings = {
				CODE_SIGN_STYLE = Automatic;
				CURRENT_PROJECT_VERSION = 1;
				DEVELOPMENT_TEAM = X56FMGRQ9L;
				GENERATE_INFOPLIST_FILE = YES;
				MARKETING_VERSION = 1.0;
				PRODUCT_BUNDLE_IDENTIFIER = com.buk.SeekAsiaAssesmentUITests;
				PRODUCT_NAME = "$(TARGET_NAME)";
				SWIFT_EMIT_LOC_STRINGS = NO;
				SWIFT_VERSION = 5.0;
				TARGETED_DEVICE_FAMILY = "1,2";
				TEST_TARGET_NAME = SeekAsiaAssesment;
			};
			name = Release;
		};
/* End XCBuildConfiguration section */

/* Begin XCConfigurationList section */
		1BCB3FA42CCBA8A100CCE4AF /* Build configuration list for PBXProject "SeekAsiaAssesment" */ = {
			isa = XCConfigurationList;
			buildConfigurations = (
				1BCB3FD52CCBA8A300CCE4AF /* Debug */,
				1BCB3FD62CCBA8A300CCE4AF /* Release */,
			);
			defaultConfigurationIsVisible = 0;
			defaultConfigurationName = Release;
		};
		1BCB3FD22CCBA8A300CCE4AF /* Build configuration list for PBXNativeTarget "SeekAsiaAssesment" */ = {
			isa = XCConfigurationList;
			buildConfigurations = (
				1BCB3FD32CCBA8A300CCE4AF /* Debug */,
				1BCB3FD42CCBA8A300CCE4AF /* Release */,
			);
			defaultConfigurationIsVisible = 0;
			defaultConfigurationName = Release;
		};
		1BCB3FD72CCBA8A300CCE4AF /* Build configuration list for PBXNativeTarget "SeekAsiaAssesmentTests" */ = {
			isa = XCConfigurationList;
			buildConfigurations = (
				1BCB3FD82CCBA8A300CCE4AF /* Debug */,
				1BCB3FD92CCBA8A300CCE4AF /* Release */,
			);
			defaultConfigurationIsVisible = 0;
			defaultConfigurationName = Release;
		};
		1BCB3FDA2CCBA8A300CCE4AF /* Build configuration list for PBXNativeTarget "SeekAsiaAssesmentUITests" */ = {
			isa = XCConfigurationList;
			buildConfigurations = (
				1BCB3FDB2CCBA8A300CCE4AF /* Debug */,
				1BCB3FDC2CCBA8A300CCE4AF /* Release */,
			);
			defaultConfigurationIsVisible = 0;
			defaultConfigurationName = Release;
		};
/* End XCConfigurationList section */

/* Begin XCLocalSwiftPackageReference section */
		1BCB40A92CCE670B00CCE4AF /* XCLocalSwiftPackageReference "BaseAPI" */ = {
			isa = XCLocalSwiftPackageReference;
			relativePath = BaseAPI;
		};
/* End XCLocalSwiftPackageReference section */

/* Begin XCRemoteSwiftPackageReference section */
		1BCB40742CCD4E4C00CCE4AF /* XCRemoteSwiftPackageReference "apollo-ios" */ = {
			isa = XCRemoteSwiftPackageReference;
			repositoryURL = "https://github.com/apollographql/apollo-ios";
			requirement = {
				kind = upToNextMajorVersion;
				minimumVersion = 1.15.2;
			};
		};
		1BCB40752CCD4F2300CCE4AF /* XCRemoteSwiftPackageReference "IQKeyboardManager" */ = {
			isa = XCRemoteSwiftPackageReference;
			repositoryURL = "https://github.com/hackiftekhar/IQKeyboardManager.git";
			requirement = {
				kind = upToNextMajorVersion;
				minimumVersion = 7.2.0;
			};
		};
/* End XCRemoteSwiftPackageReference section */

/* Begin XCSwiftPackageProductDependency section */
		1BCB40802CCE338000CCE4AF /* Apollo */ = {
			isa = XCSwiftPackageProductDependency;
			package = 1BCB40742CCD4E4C00CCE4AF /* XCRemoteSwiftPackageReference "apollo-ios" */;
			productName = Apollo;
		};
		1BCB40822CCE338900CCE4AF /* IQKeyboardManagerSwift */ = {
			isa = XCSwiftPackageProductDependency;
			package = 1BCB40752CCD4F2300CCE4AF /* XCRemoteSwiftPackageReference "IQKeyboardManager" */;
			productName = IQKeyboardManagerSwift;
		};
		1BCB40AA2CCE671D00CCE4AF /* BaseAPI */ = {
			isa = XCSwiftPackageProductDependency;
			package = 1BCB40A92CCE670B00CCE4AF /* XCLocalSwiftPackageReference "BaseAPI" */;
			productName = BaseAPI;
		};
/* End XCSwiftPackageProductDependency section */
	};
	rootObject = 1BCB3FA12CCBA8A100CCE4AF /* Project object */;
}
